// !$*UTF8*$!
{
	archiveVersion = 1;
	classes = {
	};
	objectVersion = 46;
	objects = {

/* Begin PBXBuildFile section */
		DD04B5D51D26CFE100080994 /* AppDelegate.swift in Sources */ = {isa = PBXBuildFile; fileRef = DD04B5D41D26CFE100080994 /* AppDelegate.swift */; };
		DD04B5D71D26CFE100080994 /* GameScene.sks in Resources */ = {isa = PBXBuildFile; fileRef = DD04B5D61D26CFE100080994 /* GameScene.sks */; };
		DD04B5D91D26CFE100080994 /* GameScene.swift in Sources */ = {isa = PBXBuildFile; fileRef = DD04B5D81D26CFE100080994 /* GameScene.swift */; };
		DD04B5DB1D26CFE100080994 /* GameViewController.swift in Sources */ = {isa = PBXBuildFile; fileRef = DD04B5DA1D26CFE100080994 /* GameViewController.swift */; };
		DD04B5DE1D26CFE100080994 /* Main.storyboard in Resources */ = {isa = PBXBuildFile; fileRef = DD04B5DC1D26CFE100080994 /* Main.storyboard */; };
		DD04B5E01D26CFE100080994 /* Assets.xcassets in Resources */ = {isa = PBXBuildFile; fileRef = DD04B5DF1D26CFE100080994 /* Assets.xcassets */; };
		DD04B5E31D26CFE100080994 /* LaunchScreen.storyboard in Resources */ = {isa = PBXBuildFile; fileRef = DD04B5E11D26CFE100080994 /* LaunchScreen.storyboard */; };
		DD04B5EE1D26CFE100080994 /* SushiNekoTests.swift in Sources */ = {isa = PBXBuildFile; fileRef = DD04B5ED1D26CFE100080994 /* SushiNekoTests.swift */; };
		DD04B5F91D26CFE100080994 /* SushiNekoUITests.swift in Sources */ = {isa = PBXBuildFile; fileRef = DD04B5F81D26CFE100080994 /* SushiNekoUITests.swift */; };
		DD04B6131D26D06200080994 /* background@2x.png in Resources */ = {isa = PBXBuildFile; fileRef = DD04B6071D26D06200080994 /* background@2x.png */; };
		DD04B6141D26D06200080994 /* button@2x.png in Resources */ = {isa = PBXBuildFile; fileRef = DD04B6081D26D06200080994 /* button@2x.png */; };
		DD04B6151D26D06200080994 /* character1@2x.png in Resources */ = {isa = PBXBuildFile; fileRef = DD04B6091D26D06200080994 /* character1@2x.png */; };
		DD04B6161D26D06200080994 /* character2@2x.png in Resources */ = {isa = PBXBuildFile; fileRef = DD04B60A1D26D06200080994 /* character2@2x.png */; };
		DD04B6171D26D06200080994 /* character3@2x.png in Resources */ = {isa = PBXBuildFile; fileRef = DD04B60B1D26D06200080994 /* character3@2x.png */; };
		DD04B6181D26D06200080994 /* chopstick@2x.png in Resources */ = {isa = PBXBuildFile; fileRef = DD04B60C1D26D06200080994 /* chopstick@2x.png */; };
		DD04B6191D26D06200080994 /* life@2x.png in Resources */ = {isa = PBXBuildFile; fileRef = DD04B60D1D26D06200080994 /* life@2x.png */; };
		DD04B61A1D26D06200080994 /* life_bg@2x.png in Resources */ = {isa = PBXBuildFile; fileRef = DD04B60E1D26D06200080994 /* life_bg@2x.png */; };
		DD04B61B1D26D06200080994 /* mat@2x.png in Resources */ = {isa = PBXBuildFile; fileRef = DD04B60F1D26D06200080994 /* mat@2x.png */; };
		DD04B61C1D26D06200080994 /* roll@2x.png in Resources */ = {isa = PBXBuildFile; fileRef = DD04B6101D26D06200080994 /* roll@2x.png */; };
		DD04B61D1D26D06200080994 /* tap_left@2x.png in Resources */ = {isa = PBXBuildFile; fileRef = DD04B6111D26D06200080994 /* tap_left@2x.png */; };
		DD04B61E1D26D06200080994 /* tap_right@2x.png in Resources */ = {isa = PBXBuildFile; fileRef = DD04B6121D26D06200080994 /* tap_right@2x.png */; };
		DD04B6211D26D07400080994 /* sfx_swipe.caf in Resources */ = {isa = PBXBuildFile; fileRef = DD04B6201D26D07400080994 /* sfx_swipe.caf */; };
		DD04B6321D26D0C900080994 /* MSButtonNode.swift in Sources */ = {isa = PBXBuildFile; fileRef = DD04B6231D26D0C900080994 /* MSButtonNode.swift */; };
		DD04B6331D26D0C900080994 /* MSReferenceNode.swift in Sources */ = {isa = PBXBuildFile; fileRef = DD04B6241D26D0C900080994 /* MSReferenceNode.swift */; };
		DD04B6341D26D0C900080994 /* CGFloat+Extensions.swift in Sources */ = {isa = PBXBuildFile; fileRef = DD04B6261D26D0C900080994 /* CGFloat+Extensions.swift */; };
		DD04B6351D26D0C900080994 /* CGPoint+Extensions.swift in Sources */ = {isa = PBXBuildFile; fileRef = DD04B6271D26D0C900080994 /* CGPoint+Extensions.swift */; };
		DD04B6361D26D0C900080994 /* CGVector+Extensions.swift in Sources */ = {isa = PBXBuildFile; fileRef = DD04B6281D26D0C900080994 /* CGVector+Extensions.swift */; };
		DD04B6371D26D0C900080994 /* Int+Extensions.swift in Sources */ = {isa = PBXBuildFile; fileRef = DD04B6291D26D0C900080994 /* Int+Extensions.swift */; };
		DD04B6381D26D0C900080994 /* SKAction+Extensions.swift in Sources */ = {isa = PBXBuildFile; fileRef = DD04B62A1D26D0C900080994 /* SKAction+Extensions.swift */; };
		DD04B6391D26D0C900080994 /* SKAction+SpecialEffects.swift in Sources */ = {isa = PBXBuildFile; fileRef = DD04B62B1D26D0C900080994 /* SKAction+SpecialEffects.swift */; };
		DD04B63A1D26D0C900080994 /* SKColor+Extensions.swift in Sources */ = {isa = PBXBuildFile; fileRef = DD04B62C1D26D0C900080994 /* SKColor+Extensions.swift */; };
		DD04B63B1D26D0C900080994 /* SKNode+Extensions.swift in Sources */ = {isa = PBXBuildFile; fileRef = DD04B62D1D26D0C900080994 /* SKNode+Extensions.swift */; };
		DD04B63C1D26D0C900080994 /* SKTAudio.swift in Sources */ = {isa = PBXBuildFile; fileRef = DD04B62E1D26D0C900080994 /* SKTAudio.swift */; };
		DD04B63D1D26D0C900080994 /* SKTEffects.swift in Sources */ = {isa = PBXBuildFile; fileRef = DD04B62F1D26D0C900080994 /* SKTEffects.swift */; };
		DD04B63E1D26D0C900080994 /* SKTTimingFunctions.swift in Sources */ = {isa = PBXBuildFile; fileRef = DD04B6301D26D0C900080994 /* SKTTimingFunctions.swift */; };
		DD04B63F1D26D0C900080994 /* Vector3.swift in Sources */ = {isa = PBXBuildFile; fileRef = DD04B6311D26D0C900080994 /* Vector3.swift */; };
		DD6461A21D2701990096A23D /* Character.swift in Sources */ = {isa = PBXBuildFile; fileRef = DD6461A11D2701990096A23D /* Character.swift */; };
		DD6461A61D2716A30096A23D /* AnimationActions.sks in Resources */ = {isa = PBXBuildFile; fileRef = DD6461A51D2716A30096A23D /* AnimationActions.sks */; };
		DD70303B1D26F34B00CA15E5 /* SushiPiece.swift in Sources */ = {isa = PBXBuildFile; fileRef = DD70303A1D26F34B00CA15E5 /* SushiPiece.swift */; };
/* End PBXBuildFile section */

/* Begin PBXContainerItemProxy section */
		DD04B5EA1D26CFE100080994 /* PBXContainerItemProxy */ = {
			isa = PBXContainerItemProxy;
			containerPortal = DD04B5C91D26CFE100080994 /* Project object */;
			proxyType = 1;
			remoteGlobalIDString = DD04B5D01D26CFE100080994;
			remoteInfo = SushiNeko;
		};
		DD04B5F51D26CFE100080994 /* PBXContainerItemProxy */ = {
			isa = PBXContainerItemProxy;
			containerPortal = DD04B5C91D26CFE100080994 /* Project object */;
			proxyType = 1;
			remoteGlobalIDString = DD04B5D01D26CFE100080994;
			remoteInfo = SushiNeko;
		};
/* End PBXContainerItemProxy section */

/* Begin PBXFileReference section */
		DD04B5D11D26CFE100080994 /* SushiNeko.app */ = {isa = PBXFileReference; explicitFileType = wrapper.application; includeInIndex = 0; path = SushiNeko.app; sourceTree = BUILT_PRODUCTS_DIR; };
		DD04B5D41D26CFE100080994 /* AppDelegate.swift */ = {isa = PBXFileReference; lastKnownFileType = sourcecode.swift; path = AppDelegate.swift; sourceTree = "<group>"; };
		DD04B5D61D26CFE100080994 /* GameScene.sks */ = {isa = PBXFileReference; lastKnownFileType = file.sks; path = GameScene.sks; sourceTree = "<group>"; };
		DD04B5D81D26CFE100080994 /* GameScene.swift */ = {isa = PBXFileReference; lastKnownFileType = sourcecode.swift; path = GameScene.swift; sourceTree = "<group>"; };
		DD04B5DA1D26CFE100080994 /* GameViewController.swift */ = {isa = PBXFileReference; lastKnownFileType = sourcecode.swift; path = GameViewController.swift; sourceTree = "<group>"; };
		DD04B5DD1D26CFE100080994 /* Base */ = {isa = PBXFileReference; lastKnownFileType = file.storyboard; name = Base; path = Base.lproj/Main.storyboard; sourceTree = "<group>"; };
		DD04B5DF1D26CFE100080994 /* Assets.xcassets */ = {isa = PBXFileReference; lastKnownFileType = folder.assetcatalog; path = Assets.xcassets; sourceTree = "<group>"; };
		DD04B5E21D26CFE100080994 /* Base */ = {isa = PBXFileReference; lastKnownFileType = file.storyboard; name = Base; path = Base.lproj/LaunchScreen.storyboard; sourceTree = "<group>"; };
		DD04B5E41D26CFE100080994 /* Info.plist */ = {isa = PBXFileReference; lastKnownFileType = text.plist.xml; path = Info.plist; sourceTree = "<group>"; };
		DD04B5E91D26CFE100080994 /* SushiNekoTests.xctest */ = {isa = PBXFileReference; explicitFileType = wrapper.cfbundle; includeInIndex = 0; path = SushiNekoTests.xctest; sourceTree = BUILT_PRODUCTS_DIR; };
		DD04B5ED1D26CFE100080994 /* SushiNekoTests.swift */ = {isa = PBXFileReference; lastKnownFileType = sourcecode.swift; path = SushiNekoTests.swift; sourceTree = "<group>"; };
		DD04B5EF1D26CFE100080994 /* Info.plist */ = {isa = PBXFileReference; lastKnownFileType = text.plist.xml; path = Info.plist; sourceTree = "<group>"; };
		DD04B5F41D26CFE100080994 /* SushiNekoUITests.xctest */ = {isa = PBXFileReference; explicitFileType = wrapper.cfbundle; includeInIndex = 0; path = SushiNekoUITests.xctest; sourceTree = BUILT_PRODUCTS_DIR; };
		DD04B5F81D26CFE100080994 /* SushiNekoUITests.swift */ = {isa = PBXFileReference; lastKnownFileType = sourcecode.swift; path = SushiNekoUITests.swift; sourceTree = "<group>"; };
		DD04B5FA1D26CFE100080994 /* Info.plist */ = {isa = PBXFileReference; lastKnownFileType = text.plist.xml; path = Info.plist; sourceTree = "<group>"; };
		DD04B6071D26D06200080994 /* background@2x.png */ = {isa = PBXFileReference; lastKnownFileType = image.png; path = "background@2x.png"; sourceTree = "<group>"; };
		DD04B6081D26D06200080994 /* button@2x.png */ = {isa = PBXFileReference; lastKnownFileType = image.png; path = "button@2x.png"; sourceTree = "<group>"; };
		DD04B6091D26D06200080994 /* character1@2x.png */ = {isa = PBXFileReference; lastKnownFileType = image.png; path = "character1@2x.png"; sourceTree = "<group>"; };
		DD04B60A1D26D06200080994 /* character2@2x.png */ = {isa = PBXFileReference; lastKnownFileType = image.png; path = "character2@2x.png"; sourceTree = "<group>"; };
		DD04B60B1D26D06200080994 /* character3@2x.png */ = {isa = PBXFileReference; lastKnownFileType = image.png; path = "character3@2x.png"; sourceTree = "<group>"; };
		DD04B60C1D26D06200080994 /* chopstick@2x.png */ = {isa = PBXFileReference; lastKnownFileType = image.png; path = "chopstick@2x.png"; sourceTree = "<group>"; };
		DD04B60D1D26D06200080994 /* life@2x.png */ = {isa = PBXFileReference; lastKnownFileType = image.png; path = "life@2x.png"; sourceTree = "<group>"; };
		DD04B60E1D26D06200080994 /* life_bg@2x.png */ = {isa = PBXFileReference; lastKnownFileType = image.png; path = "life_bg@2x.png"; sourceTree = "<group>"; };
		DD04B60F1D26D06200080994 /* mat@2x.png */ = {isa = PBXFileReference; lastKnownFileType = image.png; path = "mat@2x.png"; sourceTree = "<group>"; };
		DD04B6101D26D06200080994 /* roll@2x.png */ = {isa = PBXFileReference; lastKnownFileType = image.png; path = "roll@2x.png"; sourceTree = "<group>"; };
		DD04B6111D26D06200080994 /* tap_left@2x.png */ = {isa = PBXFileReference; lastKnownFileType = image.png; path = "tap_left@2x.png"; sourceTree = "<group>"; };
		DD04B6121D26D06200080994 /* tap_right@2x.png */ = {isa = PBXFileReference; lastKnownFileType = image.png; path = "tap_right@2x.png"; sourceTree = "<group>"; };
		DD04B6201D26D07400080994 /* sfx_swipe.caf */ = {isa = PBXFileReference; lastKnownFileType = file; path = sfx_swipe.caf; sourceTree = "<group>"; };
		DD04B6231D26D0C900080994 /* MSButtonNode.swift */ = {isa = PBXFileReference; fileEncoding = 4; lastKnownFileType = sourcecode.swift; path = MSButtonNode.swift; sourceTree = "<group>"; };
		DD04B6241D26D0C900080994 /* MSReferenceNode.swift */ = {isa = PBXFileReference; fileEncoding = 4; lastKnownFileType = sourcecode.swift; path = MSReferenceNode.swift; sourceTree = "<group>"; };
		DD04B6261D26D0C900080994 /* CGFloat+Extensions.swift */ = {isa = PBXFileReference; fileEncoding = 4; lastKnownFileType = sourcecode.swift; path = "CGFloat+Extensions.swift"; sourceTree = "<group>"; };
		DD04B6271D26D0C900080994 /* CGPoint+Extensions.swift */ = {isa = PBXFileReference; fileEncoding = 4; lastKnownFileType = sourcecode.swift; path = "CGPoint+Extensions.swift"; sourceTree = "<group>"; };
		DD04B6281D26D0C900080994 /* CGVector+Extensions.swift */ = {isa = PBXFileReference; fileEncoding = 4; lastKnownFileType = sourcecode.swift; path = "CGVector+Extensions.swift"; sourceTree = "<group>"; };
		DD04B6291D26D0C900080994 /* Int+Extensions.swift */ = {isa = PBXFileReference; fileEncoding = 4; lastKnownFileType = sourcecode.swift; path = "Int+Extensions.swift"; sourceTree = "<group>"; };
		DD04B62A1D26D0C900080994 /* SKAction+Extensions.swift */ = {isa = PBXFileReference; fileEncoding = 4; lastKnownFileType = sourcecode.swift; path = "SKAction+Extensions.swift"; sourceTree = "<group>"; };
		DD04B62B1D26D0C900080994 /* SKAction+SpecialEffects.swift */ = {isa = PBXFileReference; fileEncoding = 4; lastKnownFileType = sourcecode.swift; path = "SKAction+SpecialEffects.swift"; sourceTree = "<group>"; };
		DD04B62C1D26D0C900080994 /* SKColor+Extensions.swift */ = {isa = PBXFileReference; fileEncoding = 4; lastKnownFileType = sourcecode.swift; path = "SKColor+Extensions.swift"; sourceTree = "<group>"; };
		DD04B62D1D26D0C900080994 /* SKNode+Extensions.swift */ = {isa = PBXFileReference; fileEncoding = 4; lastKnownFileType = sourcecode.swift; path = "SKNode+Extensions.swift"; sourceTree = "<group>"; };
		DD04B62E1D26D0C900080994 /* SKTAudio.swift */ = {isa = PBXFileReference; fileEncoding = 4; lastKnownFileType = sourcecode.swift; path = SKTAudio.swift; sourceTree = "<group>"; };
		DD04B62F1D26D0C900080994 /* SKTEffects.swift */ = {isa = PBXFileReference; fileEncoding = 4; lastKnownFileType = sourcecode.swift; path = SKTEffects.swift; sourceTree = "<group>"; };
		DD04B6301D26D0C900080994 /* SKTTimingFunctions.swift */ = {isa = PBXFileReference; fileEncoding = 4; lastKnownFileType = sourcecode.swift; path = SKTTimingFunctions.swift; sourceTree = "<group>"; };
		DD04B6311D26D0C900080994 /* Vector3.swift */ = {isa = PBXFileReference; fileEncoding = 4; lastKnownFileType = sourcecode.swift; path = Vector3.swift; sourceTree = "<group>"; };
		DD6461A11D2701990096A23D /* Character.swift */ = {isa = PBXFileReference; fileEncoding = 4; lastKnownFileType = sourcecode.swift; path = Character.swift; sourceTree = "<group>"; };
		DD6461A51D2716A30096A23D /* AnimationActions.sks */ = {isa = PBXFileReference; lastKnownFileType = file.sks; name = AnimationActions.sks; path = ../AnimationActions.sks; sourceTree = "<group>"; };
		DD70303A1D26F34B00CA15E5 /* SushiPiece.swift */ = {isa = PBXFileReference; fileEncoding = 4; lastKnownFileType = sourcecode.swift; path = SushiPiece.swift; sourceTree = "<group>"; };
/* End PBXFileReference section */

/* Begin PBXFrameworksBuildPhase section */
		DD04B5CE1D26CFE100080994 /* Frameworks */ = {
			isa = PBXFrameworksBuildPhase;
			buildActionMask = 2147483647;
			files = (
			);
			runOnlyForDeploymentPostprocessing = 0;
		};
		DD04B5E61D26CFE100080994 /* Frameworks */ = {
			isa = PBXFrameworksBuildPhase;
			buildActionMask = 2147483647;
			files = (
			);
			runOnlyForDeploymentPostprocessing = 0;
		};
		DD04B5F11D26CFE100080994 /* Frameworks */ = {
			isa = PBXFrameworksBuildPhase;
			buildActionMask = 2147483647;
			files = (
			);
			runOnlyForDeploymentPostprocessing = 0;
		};
/* End PBXFrameworksBuildPhase section */

/* Begin PBXGroup section */
		DD04B5C81D26CFE100080994 = {
			isa = PBXGroup;
			children = (
				DD04B5D31D26CFE100080994 /* SushiNeko */,
				DD04B5EC1D26CFE100080994 /* SushiNekoTests */,
				DD04B5F71D26CFE100080994 /* SushiNekoUITests */,
				DD04B5D21D26CFE100080994 /* Products */,
			);
			sourceTree = "<group>";
		};
		DD04B5D21D26CFE100080994 /* Products */ = {
			isa = PBXGroup;
			children = (
				DD04B5D11D26CFE100080994 /* SushiNeko.app */,
				DD04B5E91D26CFE100080994 /* SushiNekoTests.xctest */,
				DD04B5F41D26CFE100080994 /* SushiNekoUITests.xctest */,
			);
			name = Products;
			sourceTree = "<group>";
		};
		DD04B5D31D26CFE100080994 /* SushiNeko */ = {
			isa = PBXGroup;
			children = (
				DD04B6221D26D0C900080994 /* Utils 2 */,
				DD04B6061D26D06200080994 /* assets.atlas 2 */,
				DD04B61F1D26D07400080994 /* SFX 3 */,
				DD04B5D41D26CFE100080994 /* AppDelegate.swift */,
				DD6461A51D2716A30096A23D /* AnimationActions.sks */,
				DD04B5D61D26CFE100080994 /* GameScene.sks */,
				DD6461A11D2701990096A23D /* Character.swift */,
				DD04B5D81D26CFE100080994 /* GameScene.swift */,
				DD70303A1D26F34B00CA15E5 /* SushiPiece.swift */,
				DD04B5DA1D26CFE100080994 /* GameViewController.swift */,
				DD04B5DC1D26CFE100080994 /* Main.storyboard */,
				DD04B5DF1D26CFE100080994 /* Assets.xcassets */,
				DD04B5E11D26CFE100080994 /* LaunchScreen.storyboard */,
				DD04B5E41D26CFE100080994 /* Info.plist */,
			);
			path = SushiNeko;
			sourceTree = "<group>";
		};
		DD04B5EC1D26CFE100080994 /* SushiNekoTests */ = {
			isa = PBXGroup;
			children = (
				DD04B5ED1D26CFE100080994 /* SushiNekoTests.swift */,
				DD04B5EF1D26CFE100080994 /* Info.plist */,
			);
			path = SushiNekoTests;
			sourceTree = "<group>";
		};
		DD04B5F71D26CFE100080994 /* SushiNekoUITests */ = {
			isa = PBXGroup;
			children = (
				DD04B5F81D26CFE100080994 /* SushiNekoUITests.swift */,
				DD04B5FA1D26CFE100080994 /* Info.plist */,
			);
			path = SushiNekoUITests;
			sourceTree = "<group>";
		};
		DD04B6061D26D06200080994 /* assets.atlas 2 */ = {
			isa = PBXGroup;
			children = (
				DD04B6071D26D06200080994 /* background@2x.png */,
				DD04B6081D26D06200080994 /* button@2x.png */,
				DD04B6091D26D06200080994 /* character1@2x.png */,
				DD04B60A1D26D06200080994 /* character2@2x.png */,
				DD04B60B1D26D06200080994 /* character3@2x.png */,
				DD04B60C1D26D06200080994 /* chopstick@2x.png */,
				DD04B60D1D26D06200080994 /* life@2x.png */,
				DD04B60E1D26D06200080994 /* life_bg@2x.png */,
				DD04B60F1D26D06200080994 /* mat@2x.png */,
				DD04B6101D26D06200080994 /* roll@2x.png */,
				DD04B6111D26D06200080994 /* tap_left@2x.png */,
				DD04B6121D26D06200080994 /* tap_right@2x.png */,
			);
			path = "assets.atlas 2";
			sourceTree = "<group>";
		};
		DD04B61F1D26D07400080994 /* SFX 3 */ = {
			isa = PBXGroup;
			children = (
				DD04B6201D26D07400080994 /* sfx_swipe.caf */,
			);
			name = "SFX 3";
			path = "assets.atlas 2/SFX 3";
			sourceTree = "<group>";
		};
		DD04B6221D26D0C900080994 /* Utils 2 */ = {
			isa = PBXGroup;
			children = (
				DD04B6231D26D0C900080994 /* MSButtonNode.swift */,
				DD04B6241D26D0C900080994 /* MSReferenceNode.swift */,
				DD04B6251D26D0C900080994 /* SKTUtils */,
			);
			path = "Utils 2";
			sourceTree = "<group>";
		};
		DD04B6251D26D0C900080994 /* SKTUtils */ = {
			isa = PBXGroup;
			children = (
				DD04B6261D26D0C900080994 /* CGFloat+Extensions.swift */,
				DD04B6271D26D0C900080994 /* CGPoint+Extensions.swift */,
				DD04B6281D26D0C900080994 /* CGVector+Extensions.swift */,
				DD04B6291D26D0C900080994 /* Int+Extensions.swift */,
				DD04B62A1D26D0C900080994 /* SKAction+Extensions.swift */,
				DD04B62B1D26D0C900080994 /* SKAction+SpecialEffects.swift */,
				DD04B62C1D26D0C900080994 /* SKColor+Extensions.swift */,
				DD04B62D1D26D0C900080994 /* SKNode+Extensions.swift */,
				DD04B62E1D26D0C900080994 /* SKTAudio.swift */,
				DD04B62F1D26D0C900080994 /* SKTEffects.swift */,
				DD04B6301D26D0C900080994 /* SKTTimingFunctions.swift */,
				DD04B6311D26D0C900080994 /* Vector3.swift */,
			);
			path = SKTUtils;
			sourceTree = "<group>";
		};
/* End PBXGroup section */

/* Begin PBXNativeTarget section */
		DD04B5D01D26CFE100080994 /* SushiNeko */ = {
			isa = PBXNativeTarget;
			buildConfigurationList = DD04B5FD1D26CFE100080994 /* Build configuration list for PBXNativeTarget "SushiNeko" */;
			buildPhases = (
				DD04B5CD1D26CFE100080994 /* Sources */,
				DD04B5CE1D26CFE100080994 /* Frameworks */,
				DD04B5CF1D26CFE100080994 /* Resources */,
			);
			buildRules = (
			);
			dependencies = (
			);
			name = SushiNeko;
			productName = SushiNeko;
			productReference = DD04B5D11D26CFE100080994 /* SushiNeko.app */;
			productType = "com.apple.product-type.application";
		};
		DD04B5E81D26CFE100080994 /* SushiNekoTests */ = {
			isa = PBXNativeTarget;
			buildConfigurationList = DD04B6001D26CFE100080994 /* Build configuration list for PBXNativeTarget "SushiNekoTests" */;
			buildPhases = (
				DD04B5E51D26CFE100080994 /* Sources */,
				DD04B5E61D26CFE100080994 /* Frameworks */,
				DD04B5E71D26CFE100080994 /* Resources */,
			);
			buildRules = (
			);
			dependencies = (
				DD04B5EB1D26CFE100080994 /* PBXTargetDependency */,
			);
			name = SushiNekoTests;
			productName = SushiNekoTests;
			productReference = DD04B5E91D26CFE100080994 /* SushiNekoTests.xctest */;
			productType = "com.apple.product-type.bundle.unit-test";
		};
		DD04B5F31D26CFE100080994 /* SushiNekoUITests */ = {
			isa = PBXNativeTarget;
			buildConfigurationList = DD04B6031D26CFE100080994 /* Build configuration list for PBXNativeTarget "SushiNekoUITests" */;
			buildPhases = (
				DD04B5F01D26CFE100080994 /* Sources */,
				DD04B5F11D26CFE100080994 /* Frameworks */,
				DD04B5F21D26CFE100080994 /* Resources */,
			);
			buildRules = (
			);
			dependencies = (
				DD04B5F61D26CFE100080994 /* PBXTargetDependency */,
			);
			name = SushiNekoUITests;
			productName = SushiNekoUITests;
			productReference = DD04B5F41D26CFE100080994 /* SushiNekoUITests.xctest */;
			productType = "com.apple.product-type.bundle.ui-testing";
		};
/* End PBXNativeTarget section */

/* Begin PBXProject section */
		DD04B5C91D26CFE100080994 /* Project object */ = {
			isa = PBXProject;
			attributes = {
				LastSwiftUpdateCheck = 0730;
				LastUpgradeCheck = 0730;
				ORGANIZATIONNAME = "Jorge Avelar";
				TargetAttributes = {
					DD04B5D01D26CFE100080994 = {
						CreatedOnToolsVersion = 7.3.1;
					};
					DD04B5E81D26CFE100080994 = {
						CreatedOnToolsVersion = 7.3.1;
						TestTargetID = DD04B5D01D26CFE100080994;
					};
					DD04B5F31D26CFE100080994 = {
						CreatedOnToolsVersion = 7.3.1;
						TestTargetID = DD04B5D01D26CFE100080994;
					};
				};
			};
			buildConfigurationList = DD04B5CC1D26CFE100080994 /* Build configuration list for PBXProject "SushiNeko" */;
			compatibilityVersion = "Xcode 3.2";
			developmentRegion = English;
			hasScannedForEncodings = 0;
			knownRegions = (
				en,
				Base,
			);
			mainGroup = DD04B5C81D26CFE100080994;
			productRefGroup = DD04B5D21D26CFE100080994 /* Products */;
			projectDirPath = "";
			projectRoot = "";
			targets = (
				DD04B5D01D26CFE100080994 /* SushiNeko */,
				DD04B5E81D26CFE100080994 /* SushiNekoTests */,
				DD04B5F31D26CFE100080994 /* SushiNekoUITests */,
			);
		};
/* End PBXProject section */

/* Begin PBXResourcesBuildPhase section */
		DD04B5CF1D26CFE100080994 /* Resources */ = {
			isa = PBXResourcesBuildPhase;
			buildActionMask = 2147483647;
			files = (
				DD04B5D71D26CFE100080994 /* GameScene.sks in Resources */,
				DD04B5E31D26CFE100080994 /* LaunchScreen.storyboard in Resources */,
				DD04B6151D26D06200080994 /* character1@2x.png in Resources */,
				DD04B6211D26D07400080994 /* sfx_swipe.caf in Resources */,
				DD04B5E01D26CFE100080994 /* Assets.xcassets in Resources */,
				DD04B6191D26D06200080994 /* life@2x.png in Resources */,
				DD04B6131D26D06200080994 /* background@2x.png in Resources */,
				DD04B61D1D26D06200080994 /* tap_left@2x.png in Resources */,
				DD04B6161D26D06200080994 /* character2@2x.png in Resources */,
				DD04B61C1D26D06200080994 /* roll@2x.png in Resources */,
				DD04B61B1D26D06200080994 /* mat@2x.png in Resources */,
				DD04B61A1D26D06200080994 /* life_bg@2x.png in Resources */,
				DD6461A61D2716A30096A23D /* AnimationActions.sks in Resources */,
				DD04B6141D26D06200080994 /* button@2x.png in Resources */,
				DD04B5DE1D26CFE100080994 /* Main.storyboard in Resources */,
				DD04B6171D26D06200080994 /* character3@2x.png in Resources */,
				DD04B6181D26D06200080994 /* chopstick@2x.png in Resources */,
				DD04B61E1D26D06200080994 /* tap_right@2x.png in Resources */,
			);
			runOnlyForDeploymentPostprocessing = 0;
		};
		DD04B5E71D26CFE100080994 /* Resources */ = {
			isa = PBXResourcesBuildPhase;
			buildActionMask = 2147483647;
			files = (
			);
			runOnlyForDeploymentPostprocessing = 0;
		};
		DD04B5F21D26CFE100080994 /* Resources */ = {
			isa = PBXResourcesBuildPhase;
			buildActionMask = 2147483647;
			files = (
			);
			runOnlyForDeploymentPostprocessing = 0;
		};
/* End PBXResourcesBuildPhase section */

/* Begin PBXSourcesBuildPhase section */
		DD04B5CD1D26CFE100080994 /* Sources */ = {
			isa = PBXSourcesBuildPhase;
			buildActionMask = 2147483647;
			files = (
				DD04B6351D26D0C900080994 /* CGPoint+Extensions.swift in Sources */,
				DD04B63D1D26D0C900080994 /* SKTEffects.swift in Sources */,
				DD04B6381D26D0C900080994 /* SKAction+Extensions.swift in Sources */,
				DD04B5D91D26CFE100080994 /* GameScene.swift in Sources */,
				DD04B63B1D26D0C900080994 /* SKNode+Extensions.swift in Sources */,
				DD04B5DB1D26CFE100080994 /* GameViewController.swift in Sources */,
				DD04B63E1D26D0C900080994 /* SKTTimingFunctions.swift in Sources */,
				DD04B6391D26D0C900080994 /* SKAction+SpecialEffects.swift in Sources */,
				DD04B6371D26D0C900080994 /* Int+Extensions.swift in Sources */,
				DD04B63F1D26D0C900080994 /* Vector3.swift in Sources */,
				DD04B5D51D26CFE100080994 /* AppDelegate.swift in Sources */,
				DD04B63A1D26D0C900080994 /* SKColor+Extensions.swift in Sources */,
				DD04B6361D26D0C900080994 /* CGVector+Extensions.swift in Sources */,
				DD04B6331D26D0C900080994 /* MSReferenceNode.swift in Sources */,
				DD04B63C1D26D0C900080994 /* SKTAudio.swift in Sources */,
				DD70303B1D26F34B00CA15E5 /* SushiPiece.swift in Sources */,
				DD04B6341D26D0C900080994 /* CGFloat+Extensions.swift in Sources */,
				DD04B6321D26D0C900080994 /* MSButtonNode.swift in Sources */,
				DD6461A21D2701990096A23D /* Character.swift in Sources */,
			);
			runOnlyForDeploymentPostprocessing = 0;
		};
		DD04B5E51D26CFE100080994 /* Sources */ = {
			isa = PBXSourcesBuildPhase;
			buildActionMask = 2147483647;
			files = (
				DD04B5EE1D26CFE100080994 /* SushiNekoTests.swift in Sources */,
			);
			runOnlyForDeploymentPostprocessing = 0;
		};
		DD04B5F01D26CFE100080994 /* Sources */ = {
			isa = PBXSourcesBuildPhase;
			buildActionMask = 2147483647;
			files = (
				DD04B5F91D26CFE100080994 /* SushiNekoUITests.swift in Sources */,
			);
			runOnlyForDeploymentPostprocessing = 0;
		};
/* End PBXSourcesBuildPhase section */

/* Begin PBXTargetDependency section */
		DD04B5EB1D26CFE100080994 /* PBXTargetDependency */ = {
			isa = PBXTargetDependency;
			target = DD04B5D01D26CFE100080994 /* SushiNeko */;
			targetProxy = DD04B5EA1D26CFE100080994 /* PBXContainerItemProxy */;
		};
		DD04B5F61D26CFE100080994 /* PBXTargetDependency */ = {
			isa = PBXTargetDependency;
			target = DD04B5D01D26CFE100080994 /* SushiNeko */;
			targetProxy = DD04B5F51D26CFE100080994 /* PBXContainerItemProxy */;
		};
/* End PBXTargetDependency section */

/* Begin PBXVariantGroup section */
		DD04B5DC1D26CFE100080994 /* Main.storyboard */ = {
			isa = PBXVariantGroup;
			children = (
				DD04B5DD1D26CFE100080994 /* Base */,
			);
			name = Main.storyboard;
			sourceTree = "<group>";
		};
		DD04B5E11D26CFE100080994 /* LaunchScreen.storyboard */ = {
			isa = PBXVariantGroup;
			children = (
				DD04B5E21D26CFE100080994 /* Base */,
			);
			name = LaunchScreen.storyboard;
			sourceTree = "<group>";
		};
/* End PBXVariantGroup section */

/* Begin XCBuildConfiguration section */
		DD04B5FB1D26CFE100080994 /* Debug */ = {
			isa = XCBuildConfiguration;
			buildSettings = {
				ALWAYS_SEARCH_USER_PATHS = NO;
				CLANG_ANALYZER_NONNULL = YES;
				CLANG_CXX_LANGUAGE_STANDARD = "gnu++0x";
				CLANG_CXX_LIBRARY = "libc++";
				CLANG_ENABLE_MODULES = YES;
				CLANG_ENABLE_OBJC_ARC = YES;
				CLANG_WARN_BOOL_CONVERSION = YES;
				CLANG_WARN_CONSTANT_CONVERSION = YES;
				CLANG_WARN_DIRECT_OBJC_ISA_USAGE = YES_ERROR;
				CLANG_WARN_EMPTY_BODY = YES;
				CLANG_WARN_ENUM_CONVERSION = YES;
				CLANG_WARN_INT_CONVERSION = YES;
				CLANG_WARN_OBJC_ROOT_CLASS = YES_ERROR;
				CLANG_WARN_UNREACHABLE_CODE = YES;
				CLANG_WARN__DUPLICATE_METHOD_MATCH = YES;
				"CODE_SIGN_IDENTITY[sdk=iphoneos*]" = "iPhone Developer";
				COPY_PHASE_STRIP = NO;
				DEBUG_INFORMATION_FORMAT = "dwarf-with-dsym";
				ENABLE_STRICT_OBJC_MSGSEND = YES;
				ENABLE_TESTABILITY = YES;
				GCC_C_LANGUAGE_STANDARD = gnu99;
				GCC_DYNAMIC_NO_PIC = NO;
				GCC_NO_COMMON_BLOCKS = YES;
				GCC_OPTIMIZATION_LEVEL = 0;
				GCC_PREPROCESSOR_DEFINITIONS = (
					"DEBUG=1",
					"$(inherited)",
				);
				GCC_WARN_64_TO_32_BIT_CONVERSION = YES;
				GCC_WARN_ABOUT_RETURN_TYPE = YES_ERROR;
				GCC_WARN_UNDECLARED_SELECTOR = YES;
				GCC_WARN_UNINITIALIZED_AUTOS = YES_AGGRESSIVE;
				GCC_WARN_UNUSED_FUNCTION = YES;
				GCC_WARN_UNUSED_VARIABLE = YES;
				IPHONEOS_DEPLOYMENT_TARGET = 9.3;
				MTL_ENABLE_DEBUG_INFO = YES;
				ONLY_ACTIVE_ARCH = YES;
				SDKROOT = iphoneos;
				SWIFT_OPTIMIZATION_LEVEL = "-Onone";
				TARGETED_DEVICE_FAMILY = "1,2";
			};
			name = Debug;
		};
		DD04B5FC1D26CFE100080994 /* Release */ = {
			isa = XCBuildConfiguration;
			buildSettings = {
				ALWAYS_SEARCH_USER_PATHS = NO;
				CLANG_ANALYZER_NONNULL = YES;
				CLANG_CXX_LANGUAGE_STANDARD = "gnu++0x";
				CLANG_CXX_LIBRARY = "libc++";
				CLANG_ENABLE_MODULES = YES;
				CLANG_ENABLE_OBJC_ARC = YES;
				CLANG_WARN_BOOL_CONVERSION = YES;
				CLANG_WARN_CONSTANT_CONVERSION = YES;
				CLANG_WARN_DIRECT_OBJC_ISA_USAGE = YES_ERROR;
				CLANG_WARN_EMPTY_BODY = YES;
				CLANG_WARN_ENUM_CONVERSION = YES;
				CLANG_WARN_INT_CONVERSION = YES;
				CLANG_WARN_OBJC_ROOT_CLASS = YES_ERROR;
				CLANG_WARN_UNREACHABLE_CODE = YES;
				CLANG_WARN__DUPLICATE_METHOD_MATCH = YES;
				"CODE_SIGN_IDENTITY[sdk=iphoneos*]" = "iPhone Developer";
				COPY_PHASE_STRIP = NO;
				DEBUG_INFORMATION_FORMAT = "dwarf-with-dsym";
				ENABLE_NS_ASSERTIONS = NO;
				ENABLE_STRICT_OBJC_MSGSEND = YES;
				GCC_C_LANGUAGE_STANDARD = gnu99;
				GCC_NO_COMMON_BLOCKS = YES;
				GCC_WARN_64_TO_32_BIT_CONVERSION = YES;
				GCC_WARN_ABOUT_RETURN_TYPE = YES_ERROR;
				GCC_WARN_UNDECLARED_SELECTOR = YES;
				GCC_WARN_UNINITIALIZED_AUTOS = YES_AGGRESSIVE;
				GCC_WARN_UNUSED_FUNCTION = YES;
				GCC_WARN_UNUSED_VARIABLE = YES;
				IPHONEOS_DEPLOYMENT_TARGET = 9.3;
				MTL_ENABLE_DEBUG_INFO = NO;
				SDKROOT = iphoneos;
				TARGETED_DEVICE_FAMILY = "1,2";
				VALIDATE_PRODUCT = YES;
			};
			name = Release;
		};
		DD04B5FE1D26CFE100080994 /* Debug */ = {
			isa = XCBuildConfiguration;
			buildSettings = {
				ASSETCATALOG_COMPILER_APPICON_NAME = AppIcon;
				INFOPLIST_FILE = SushiNeko/Info.plist;
				LD_RUNPATH_SEARCH_PATHS = "$(inherited) @executable_path/Frameworks";
				PRODUCT_BUNDLE_IDENTIFIER = com.makeschool.SushiNeko;
				PRODUCT_NAME = "$(TARGET_NAME)";
			};
			name = Debug;
		};
		DD04B5FF1D26CFE100080994 /* Release */ = {
			isa = XCBuildConfiguration;
			buildSettings = {
				ASSETCATALOG_COMPILER_APPICON_NAME = AppIcon;
				INFOPLIST_FILE = SushiNeko/Info.plist;
				LD_RUNPATH_SEARCH_PATHS = "$(inherited) @executable_path/Frameworks";
				PRODUCT_BUNDLE_IDENTIFIER = com.makeschool.SushiNeko;
				PRODUCT_NAME = "$(TARGET_NAME)";
			};
			name = Release;
		};
		DD04B6011D26CFE100080994 /* Debug */ = {
			isa = XCBuildConfiguration;
			buildSettings = {
				BUNDLE_LOADER = "$(TEST_HOST)";
				DEBUG_INFORMATION_FORMAT = dwarf;
				INFOPLIST_FILE = SushiNekoTests/Info.plist;
				LD_RUNPATH_SEARCH_PATHS = "$(inherited) @executable_path/Frameworks @loader_path/Frameworks";
				PRODUCT_BUNDLE_IDENTIFIER = com.makeschool.SushiNekoTests;
				PRODUCT_NAME = "$(TARGET_NAME)";
				TEST_HOST = "$(BUILT_PRODUCTS_DIR)/SushiNeko.app/SushiNeko";
			};
			name = Debug;
		};
		DD04B6021D26CFE100080994 /* Release */ = {
			isa = XCBuildConfiguration;
			buildSettings = {
				BUNDLE_LOADER = "$(TEST_HOST)";
				INFOPLIST_FILE = SushiNekoTests/Info.plist;
				LD_RUNPATH_SEARCH_PATHS = "$(inherited) @executable_path/Frameworks @loader_path/Frameworks";
				PRODUCT_BUNDLE_IDENTIFIER = com.makeschool.SushiNekoTests;
				PRODUCT_NAME = "$(TARGET_NAME)";
				TEST_HOST = "$(BUILT_PRODUCTS_DIR)/SushiNeko.app/SushiNeko";
			};
			name = Release;
		};
		DD04B6041D26CFE100080994 /* Debug */ = {
			isa = XCBuildConfiguration;
			buildSettings = {
				DEBUG_INFORMATION_FORMAT = dwarf;
				INFOPLIST_FILE = SushiNekoUITests/Info.plist;
				LD_RUNPATH_SEARCH_PATHS = "$(inherited) @executable_path/Frameworks @loader_path/Frameworks";
				PRODUCT_BUNDLE_IDENTIFIER = com.makeschool.SushiNekoUITests;
				PRODUCT_NAME = "$(TARGET_NAME)";
				TEST_TARGET_NAME = SushiNeko;
			};
			name = Debug;
		};
		DD04B6051D26CFE100080994 /* Release */ = {
			isa = XCBuildConfiguration;
			buildSettings = {
				INFOPLIST_FILE = SushiNekoUITests/Info.plist;
				LD_RUNPATH_SEARCH_PATHS = "$(inherited) @executable_path/Frameworks @loader_path/Frameworks";
				PRODUCT_BUNDLE_IDENTIFIER = com.makeschool.SushiNekoUITests;
				PRODUCT_NAME = "$(TARGET_NAME)";
				TEST_TARGET_NAME = SushiNeko;
			};
			name = Release;
		};
/* End XCBuildConfiguration section */

/* Begin XCConfigurationList section */
		DD04B5CC1D26CFE100080994 /* Build configuration list for PBXProject "SushiNeko" */ = {
			isa = XCConfigurationList;
			buildConfigurations = (
				DD04B5FB1D26CFE100080994 /* Debug */,
				DD04B5FC1D26CFE100080994 /* Release */,
			);
			defaultConfigurationIsVisible = 0;
			defaultConfigurationName = Release;
		};
		DD04B5FD1D26CFE100080994 /* Build configuration list for PBXNativeTarget "SushiNeko" */ = {
			isa = XCConfigurationList;
			buildConfigurations = (
				DD04B5FE1D26CFE100080994 /* Debug */,
				DD04B5FF1D26CFE100080994 /* Release */,
			);
			defaultConfigurationIsVisible = 0;
			defaultConfigurationName = Release;
		};
		DD04B6001D26CFE100080994 /* Build configuration list for PBXNativeTarget "SushiNekoTests" */ = {
			isa = XCConfigurationList;
			buildConfigurations = (
				DD04B6011D26CFE100080994 /* Debug */,
				DD04B6021D26CFE100080994 /* Release */,
			);
			defaultConfigurationIsVisible = 0;
			defaultConfigurationName = Release;
		};
		DD04B6031D26CFE100080994 /* Build configuration list for PBXNativeTarget "SushiNekoUITests" */ = {
			isa = XCConfigurationList;
			buildConfigurations = (
				DD04B6041D26CFE100080994 /* Debug */,
				DD04B6051D26CFE100080994 /* Release */,
			);
			defaultConfigurationIsVisible = 0;
			defaultConfigurationName = Release;
		};
/* End XCConfigurationList section */
	};
	rootObject = DD04B5C91D26CFE100080994 /* Project object */;
}
